
Microsoft Visual Studio Solution File, Format Version 12.00
# Visual Studio Version 16
VisualStudioVersion = 16.0.33801.447
MinimumVisualStudioVersion = 10.0.40219.1
Project("{FAE04EC0-301F-11D3-BF4B-00C04F79EFBC}") = "CrudOps-2", "CrudOps-2.csproj", "{074310FA-8E21-4144-A500-FC5C27CCBDB9}"
EndProject
Global
	GlobalSection(SolutionConfigurationPlatforms) = preSolution
		Debug|Any CPU = Debug|Any CPU
		Release|Any CPU = Release|Any CPU
	EndGlobalSection
	GlobalSection(ProjectConfigurationPlatforms) = postSolution
		{074310FA-8E21-4144-A500-FC5C27CCBDB9}.Debug|Any CPU.ActiveCfg = Debug|Any CPU
		{074310FA-8E21-4144-A500-FC5C27CCBDB9}.Debug|Any CPU.Build.0 = Debug|Any CPU
		{074310FA-8E21-4144-A500-FC5C27CCBDB9}.Release|Any CPU.ActiveCfg = Release|Any CPU
		{074310FA-8E21-4144-A500-FC5C27CCBDB9}.Release|Any CPU.Build.0 = Release|Any CPU
	EndGlobalSection
	GlobalSection(SolutionProperties) = preSolution
		HideSolutionNode = FALSE
	EndGlobalSection
	GlobalSection(ExtensibilityGlobals) = postSolution
		SolutionGuid = {CBA1AC19-AFE0-4BA3-A32A-64087AF14224}
	EndGlobalSection
EndGlobal
